
Microsoft Visual Studio Solution File, Format Version 12.00
# Visual Studio Version 16
VisualStudioVersion = 16.0.31911.196
MinimumVisualStudioVersion = 10.0.40219.1
Project("{9A19103F-16F7-4668-BE54-9A1E7A4F7556}") = "Serialization", "Serialization\Serialization.csproj", "{733CB869-46BF-4437-90E4-D8FD084CA935}"
EndProject
Project("{9A19103F-16F7-4668-BE54-9A1E7A4F7556}") = "Model", "Model\Model.csproj", "{1077AE28-87BB-45A2-9681-B45A6560FAA9}"
EndProject
Project("{9A19103F-16F7-4668-BE54-9A1E7A4F7556}") = "T4", "T4\T4.csproj", "{651FEF73-6885-4F9C-840C-B4252B603DEE}"
EndProject
Project("{2150E333-8FDC-42A3-9474-1A3956D46DE8}") = "Samples", "Samples", "{539F1400-B592-45AB-BD71-1A489E5316A9}"
EndProject
Project("{2150E333-8FDC-42A3-9474-1A3956D46DE8}") = "WideWorldImporters", "WideWorldImporters", "{A09CB28C-4B4A-4521-87EA-03394E9E8818}"
EndProject
Project("{2150E333-8FDC-42A3-9474-1A3956D46DE8}") = "Sales", "Sales", "{A7FB2A6C-3CDF-447A-9AB8-9AAD68784149}"
EndProject
Project("{FAE04EC0-301F-11D3-BF4B-00C04F79EFBC}") = "Edmx", "Samples\WildWorldImporters\Sales\Edmx\Edmx.csproj", "{05B69369-FD25-41EA-87C3-201C8CB082BA}"
EndProject
Project("{9A19103F-16F7-4668-BE54-9A1E7A4F7556}") = "Dal", "Samples\WildWorldImporters\Sales\Dal\Dal.csproj", "{A547FC24-C97D-45D6-8BC6-236188A7392D}"
EndProject
Project("{9A19103F-16F7-4668-BE54-9A1E7A4F7556}") = "Dal.SqlServer", "Samples\WildWorldImporters\Sales\Dal.SqlServer\Dal.SqlServer.csproj", "{D346B561-5303-4970-9945-7D7EBED47603}"
EndProject
Project("{2150E333-8FDC-42A3-9474-1A3956D46DE8}") = "Solution Items", "Solution Items", "{83408BBB-2028-487E-A0AE-D064C277474F}"
	ProjectSection(SolutionItems) = preProject
		..\..\..\..\Pictures\ProjectSelector.png = ..\..\..\..\Pictures\ProjectSelector.png
		Readme.md = Readme.md
	EndProjectSection
EndProject
Global
	GlobalSection(SolutionConfigurationPlatforms) = preSolution
		Debug|Any CPU = Debug|Any CPU
		Release|Any CPU = Release|Any CPU
	EndGlobalSection
	GlobalSection(ProjectConfigurationPlatforms) = postSolution
		{733CB869-46BF-4437-90E4-D8FD084CA935}.Debug|Any CPU.ActiveCfg = Debug|Any CPU
		{733CB869-46BF-4437-90E4-D8FD084CA935}.Debug|Any CPU.Build.0 = Debug|Any CPU
		{733CB869-46BF-4437-90E4-D8FD084CA935}.Release|Any CPU.ActiveCfg = Release|Any CPU
		{733CB869-46BF-4437-90E4-D8FD084CA935}.Release|Any CPU.Build.0 = Release|Any CPU
		{1077AE28-87BB-45A2-9681-B45A6560FAA9}.Debug|Any CPU.ActiveCfg = Debug|Any CPU
		{1077AE28-87BB-45A2-9681-B45A6560FAA9}.Debug|Any CPU.Build.0 = Debug|Any CPU
		{1077AE28-87BB-45A2-9681-B45A6560FAA9}.Release|Any CPU.ActiveCfg = Release|Any CPU
		{1077AE28-87BB-45A2-9681-B45A6560FAA9}.Release|Any CPU.Build.0 = Release|Any CPU
		{651FEF73-6885-4F9C-840C-B4252B603DEE}.Debug|Any CPU.ActiveCfg = Debug|Any CPU
		{651FEF73-6885-4F9C-840C-B4252B603DEE}.Debug|Any CPU.Build.0 = Debug|Any CPU
		{651FEF73-6885-4F9C-840C-B4252B603DEE}.Release|Any CPU.ActiveCfg = Release|Any CPU
		{651FEF73-6885-4F9C-840C-B4252B603DEE}.Release|Any CPU.Build.0 = Release|Any CPU
		{05B69369-FD25-41EA-87C3-201C8CB082BA}.Debug|Any CPU.ActiveCfg = Debug|Any CPU
		{05B69369-FD25-41EA-87C3-201C8CB082BA}.Debug|Any CPU.Build.0 = Debug|Any CPU
		{05B69369-FD25-41EA-87C3-201C8CB082BA}.Release|Any CPU.ActiveCfg = Release|Any CPU
		{05B69369-FD25-41EA-87C3-201C8CB082BA}.Release|Any CPU.Build.0 = Release|Any CPU
		{A547FC24-C97D-45D6-8BC6-236188A7392D}.Debug|Any CPU.ActiveCfg = Debug|Any CPU
		{A547FC24-C97D-45D6-8BC6-236188A7392D}.Debug|Any CPU.Build.0 = Debug|Any CPU
		{A547FC24-C97D-45D6-8BC6-236188A7392D}.Release|Any CPU.ActiveCfg = Release|Any CPU
		{A547FC24-C97D-45D6-8BC6-236188A7392D}.Release|Any CPU.Build.0 = Release|Any CPU
		{D346B561-5303-4970-9945-7D7EBED47603}.Debug|Any CPU.ActiveCfg = Debug|Any CPU
		{D346B561-5303-4970-9945-7D7EBED47603}.Debug|Any CPU.Build.0 = Debug|Any CPU
		{D346B561-5303-4970-9945-7D7EBED47603}.Release|Any CPU.ActiveCfg = Release|Any CPU
		{D346B561-5303-4970-9945-7D7EBED47603}.Release|Any CPU.Build.0 = Release|Any CPU
	EndGlobalSection
	GlobalSection(SolutionProperties) = preSolution
		HideSolutionNode = FALSE
	EndGlobalSection
	GlobalSection(NestedProjects) = preSolution
		{A09CB28C-4B4A-4521-87EA-03394E9E8818} = {539F1400-B592-45AB-BD71-1A489E5316A9}
		{A7FB2A6C-3CDF-447A-9AB8-9AAD68784149} = {A09CB28C-4B4A-4521-87EA-03394E9E8818}
		{05B69369-FD25-41EA-87C3-201C8CB082BA} = {A7FB2A6C-3CDF-447A-9AB8-9AAD68784149}
		{A547FC24-C97D-45D6-8BC6-236188A7392D} = {A7FB2A6C-3CDF-447A-9AB8-9AAD68784149}
		{D346B561-5303-4970-9945-7D7EBED47603} = {A7FB2A6C-3CDF-447A-9AB8-9AAD68784149}
	EndGlobalSection
	GlobalSection(ExtensibilityGlobals) = postSolution
		SolutionGuid = {DE80A563-983F-4551-8AA3-E07C3FE90C0F}
	EndGlobalSection
EndGlobal
